
Microsoft Visual Studio Solution File, Format Version 12.00
# Visual Studio 15
Project("{FAE04EC0-301F-11D3-BF4B-00C04F79EFBC}") = "ContentHiderXF.Android", "ContentHiderXF.Android\ContentHiderXF.Android.csproj", "{1917BAC9-2A85-45FD-B2F9-6343697C6310}"
EndProject
Project("{FAE04EC0-301F-11D3-BF4B-00C04F79EFBC}") = "ContentHiderXF.iOS", "ContentHiderXF.iOS\ContentHiderXF.iOS.csproj", "{093FDFC5-DA40-4CD6-8F2F-672D80A84A61}"
EndProject
Project("{FAE04EC0-301F-11D3-BF4B-00C04F79EFBC}") = "ContentHiderXF", "ContentHiderXF\ContentHiderXF.csproj", "{E2FE182D-3C68-4591-8EF2-DBE3AEC50DA4}"
EndProject
Global
	GlobalSection(SolutionConfigurationPlatforms) = preSolution
		Debug|Any CPU = Debug|Any CPU
		Release|Any CPU = Release|Any CPU
		Debug|iPhoneSimulator = Debug|iPhoneSimulator
		Release|iPhoneSimulator = Release|iPhoneSimulator
		Debug|iPhone = Debug|iPhone
		Release|iPhone = Release|iPhone
	EndGlobalSection
	GlobalSection(ProjectConfigurationPlatforms) = postSolution
		{1917BAC9-2A85-45FD-B2F9-6343697C6310}.Debug|Any CPU.ActiveCfg = Debug|Any CPU
		{1917BAC9-2A85-45FD-B2F9-6343697C6310}.Debug|Any CPU.Build.0 = Debug|Any CPU
		{1917BAC9-2A85-45FD-B2F9-6343697C6310}.Release|Any CPU.ActiveCfg = Release|Any CPU
		{1917BAC9-2A85-45FD-B2F9-6343697C6310}.Release|Any CPU.Build.0 = Release|Any CPU
		{1917BAC9-2A85-45FD-B2F9-6343697C6310}.Debug|iPhoneSimulator.ActiveCfg = Debug|Any CPU
		{1917BAC9-2A85-45FD-B2F9-6343697C6310}.Debug|iPhoneSimulator.Build.0 = Debug|Any CPU
		{1917BAC9-2A85-45FD-B2F9-6343697C6310}.Release|iPhoneSimulator.ActiveCfg = Release|Any CPU
		{1917BAC9-2A85-45FD-B2F9-6343697C6310}.Release|iPhoneSimulator.Build.0 = Release|Any CPU
		{1917BAC9-2A85-45FD-B2F9-6343697C6310}.Debug|iPhone.ActiveCfg = Debug|Any CPU
		{1917BAC9-2A85-45FD-B2F9-6343697C6310}.Debug|iPhone.Build.0 = Debug|Any CPU
		{1917BAC9-2A85-45FD-B2F9-6343697C6310}.Release|iPhone.ActiveCfg = Release|Any CPU
		{1917BAC9-2A85-45FD-B2F9-6343697C6310}.Release|iPhone.Build.0 = Release|Any CPU
		{093FDFC5-DA40-4CD6-8F2F-672D80A84A61}.Debug|Any CPU.ActiveCfg = Debug|iPhoneSimulator
		{093FDFC5-DA40-4CD6-8F2F-672D80A84A61}.Debug|Any CPU.Build.0 = Debug|iPhoneSimulator
		{093FDFC5-DA40-4CD6-8F2F-672D80A84A61}.Release|Any CPU.ActiveCfg = Release|iPhoneSimulator
		{093FDFC5-DA40-4CD6-8F2F-672D80A84A61}.Release|Any CPU.Build.0 = Release|iPhoneSimulator
		{093FDFC5-DA40-4CD6-8F2F-672D80A84A61}.Debug|iPhoneSimulator.ActiveCfg = Debug|iPhoneSimulator
		{093FDFC5-DA40-4CD6-8F2F-672D80A84A61}.Debug|iPhoneSimulator.Build.0 = Debug|iPhoneSimulator
		{093FDFC5-DA40-4CD6-8F2F-672D80A84A61}.Release|iPhoneSimulator.ActiveCfg = Release|iPhoneSimulator
		{093FDFC5-DA40-4CD6-8F2F-672D80A84A61}.Release|iPhoneSimulator.Build.0 = Release|iPhoneSimulator
		{093FDFC5-DA40-4CD6-8F2F-672D80A84A61}.Debug|iPhone.ActiveCfg = Debug|iPhone
		{093FDFC5-DA40-4CD6-8F2F-672D80A84A61}.Debug|iPhone.Build.0 = Debug|iPhone
		{093FDFC5-DA40-4CD6-8F2F-672D80A84A61}.Release|iPhone.ActiveCfg = Release|iPhone
		{093FDFC5-DA40-4CD6-8F2F-672D80A84A61}.Release|iPhone.Build.0 = Release|iPhone
		{E2FE182D-3C68-4591-8EF2-DBE3AEC50DA4}.Debug|Any CPU.ActiveCfg = Debug|Any CPU
		{E2FE182D-3C68-4591-8EF2-DBE3AEC50DA4}.Debug|Any CPU.Build.0 = Debug|Any CPU
		{E2FE182D-3C68-4591-8EF2-DBE3AEC50DA4}.Release|Any CPU.ActiveCfg = Release|Any CPU
		{E2FE182D-3C68-4591-8EF2-DBE3AEC50DA4}.Release|Any CPU.Build.0 = Release|Any CPU
		{E2FE182D-3C68-4591-8EF2-DBE3AEC50DA4}.Debug|iPhoneSimulator.ActiveCfg = Debug|Any CPU
		{E2FE182D-3C68-4591-8EF2-DBE3AEC50DA4}.Debug|iPhoneSimulator.Build.0 = Debug|Any CPU
		{E2FE182D-3C68-4591-8EF2-DBE3AEC50DA4}.Release|iPhoneSimulator.ActiveCfg = Release|Any CPU
		{E2FE182D-3C68-4591-8EF2-DBE3AEC50DA4}.Release|iPhoneSimulator.Build.0 = Release|Any CPU
		{E2FE182D-3C68-4591-8EF2-DBE3AEC50DA4}.Debug|iPhone.ActiveCfg = Debug|Any CPU
		{E2FE182D-3C68-4591-8EF2-DBE3AEC50DA4}.Debug|iPhone.Build.0 = Debug|Any CPU
		{E2FE182D-3C68-4591-8EF2-DBE3AEC50DA4}.Release|iPhone.ActiveCfg = Release|Any CPU
		{E2FE182D-3C68-4591-8EF2-DBE3AEC50DA4}.Release|iPhone.Build.0 = Release|Any CPU
	EndGlobalSection
EndGlobal
